{
  "name": "dashboard",
  "version": "1.0.0",
  "lockfileVersion": 1,
  "requires": true,
  "dependencies": {
    "chartist-plugin-legend": {
      "version": "0.6.2",
      "resolved": "https://registry.npmjs.org/chartist-plugin-legend/-/chartist-plugin-legend-0.6.2.tgz",
      "integrity": "sha1-U78ncd3B3CiMirwWwVF4jwt1AkQ="
    },
    "chartist-plugin-tooltips": {
      "version": "0.0.17",
      "resolved": "https://registry.npmjs.org/chartist-plugin-tooltips/-/chartist-plugin-tooltips-0.0.17.tgz",
      "integrity": "sha1-/BqY6103cSNbbgjNHBjMlsIRBmA="
    }
  }
}
